
Microsoft Visual Studio Solution File, Format Version 12.00
# Visual Studio Version 17
VisualStudioVersion = 17.5.002.0
MinimumVisualStudioVersion = 10.0.40219.1
Project("{9A19103F-16F7-4668-BE54-9A1E7A4F7556}") = "FilmesApi", "FilmesApi.csproj", "{FD2139AD-EAD6-446E-BB45-A90AA174E0C3}"
EndProject
Global
	GlobalSection(SolutionConfigurationPlatforms) = preSolution
		Debug|Any CPU = Debug|Any CPU
		Release|Any CPU = Release|Any CPU
	EndGlobalSection
	GlobalSection(ProjectConfigurationPlatforms) = postSolution
		{FD2139AD-EAD6-446E-BB45-A90AA174E0C3}.Debug|Any CPU.ActiveCfg = Debug|Any CPU
		{FD2139AD-EAD6-446E-BB45-A90AA174E0C3}.Debug|Any CPU.Build.0 = Debug|Any CPU
		{FD2139AD-EAD6-446E-BB45-A90AA174E0C3}.Release|Any CPU.ActiveCfg = Release|Any CPU
		{FD2139AD-EAD6-446E-BB45-A90AA174E0C3}.Release|Any CPU.Build.0 = Release|Any CPU
	EndGlobalSection
	GlobalSection(SolutionProperties) = preSolution
		HideSolutionNode = FALSE
	EndGlobalSection
	GlobalSection(ExtensibilityGlobals) = postSolution
		SolutionGuid = {8F75EDAB-0EF2-4A19-8E2B-F87008123722}
	EndGlobalSection
EndGlobal
